
Microsoft Visual Studio Solution File, Format Version 12.00
# Visual Studio Version 16
VisualStudioVersion = 16.0.33214.272
MinimumVisualStudioVersion = 10.0.40219.1
Project("{2150E333-8FDC-42A3-9474-1A3956D46DE8}") = "Modules", "Modules", "{4FBF2BA1-C07F-4069-8124-6DF444E191F4}"
EndProject
Project("{FAE04EC0-301F-11D3-BF4B-00C04F79EFBC}") = "RepSetup", "Modules\RepSetup\RepSetup.csproj", "{D0FF2A2D-8123-44AA-8224-AA33C3FBCE33}"
EndProject
Project("{FAE04EC0-301F-11D3-BF4B-00C04F79EFBC}") = "BaleReports", "Modules\BaleReports\BaleReports.csproj", "{DBB4B8C5-3556-42EB-A362-DE7453D74201}"
EndProject
Project("{FAE04EC0-301F-11D3-BF4B-00C04F79EFBC}") = "WLReports", "Modules\WLReports\WLReports.csproj", "{6C7F3FC5-70EC-485B-89D9-B35C466A9282}"
EndProject
Project("{FAE04EC0-301F-11D3-BF4B-00C04F79EFBC}") = "RTRep.Services", "RTRep.Services\RTRep.Services.csproj", "{D2A95C50-A481-4AB1-8D9C-78DCAD048341}"
EndProject
Project("{FAE04EC0-301F-11D3-BF4B-00C04F79EFBC}") = "FortéReports", "FortéReports.csproj", "{E734D5A8-5082-4112-B361-A785FCE412B0}"
EndProject
Project("{2150E333-8FDC-42A3-9474-1A3956D46DE8}") = "Solution Items", "Solution Items", "{569D127E-ABA1-4740-9255-FBED8C282404}"
	ProjectSection(SolutionItems) = preProject
		.editorconfig = .editorconfig
	EndProjectSection
EndProject
Project("{FAE04EC0-301F-11D3-BF4B-00C04F79EFBC}") = "CSVReport", "Modules\CSVReport\CSVReport.csproj", "{93E5B65B-7AC0-4735-9CDD-8C86595835C1}"
EndProject
Project("{FAE04EC0-301F-11D3-BF4B-00C04F79EFBC}") = "FieldsColumnSelect", "Modules\FieldsColumnSelect\FieldsColumnSelect.csproj", "{1AEEECD7-7D3E-4E63-B46E-E1CEC24C8F68}"
EndProject
Project("{FAE04EC0-301F-11D3-BF4B-00C04F79EFBC}") = "SQLDataTansfer", "Modules\SQLDataTansfer\SQLDataTansfer.csproj", "{6273B0BB-77F8-4DE1-AFCD-40F122645D16}"
EndProject
Global
	GlobalSection(SolutionConfigurationPlatforms) = preSolution
		Debug|Any CPU = Debug|Any CPU
		Debug|x86 = Debug|x86
		Release|Any CPU = Release|Any CPU
		Release|x86 = Release|x86
	EndGlobalSection
	GlobalSection(ProjectConfigurationPlatforms) = postSolution
		{D0FF2A2D-8123-44AA-8224-AA33C3FBCE33}.Debug|Any CPU.ActiveCfg = Debug|Any CPU
		{D0FF2A2D-8123-44AA-8224-AA33C3FBCE33}.Debug|Any CPU.Build.0 = Debug|Any CPU
		{D0FF2A2D-8123-44AA-8224-AA33C3FBCE33}.Debug|x86.ActiveCfg = Debug|Any CPU
		{D0FF2A2D-8123-44AA-8224-AA33C3FBCE33}.Debug|x86.Build.0 = Debug|Any CPU
		{D0FF2A2D-8123-44AA-8224-AA33C3FBCE33}.Release|Any CPU.ActiveCfg = Release|Any CPU
		{D0FF2A2D-8123-44AA-8224-AA33C3FBCE33}.Release|Any CPU.Build.0 = Release|Any CPU
		{D0FF2A2D-8123-44AA-8224-AA33C3FBCE33}.Release|x86.ActiveCfg = Release|Any CPU
		{D0FF2A2D-8123-44AA-8224-AA33C3FBCE33}.Release|x86.Build.0 = Release|Any CPU
		{DBB4B8C5-3556-42EB-A362-DE7453D74201}.Debug|Any CPU.ActiveCfg = Debug|Any CPU
		{DBB4B8C5-3556-42EB-A362-DE7453D74201}.Debug|Any CPU.Build.0 = Debug|Any CPU
		{DBB4B8C5-3556-42EB-A362-DE7453D74201}.Debug|x86.ActiveCfg = Debug|Any CPU
		{DBB4B8C5-3556-42EB-A362-DE7453D74201}.Debug|x86.Build.0 = Debug|Any CPU
		{DBB4B8C5-3556-42EB-A362-DE7453D74201}.Release|Any CPU.ActiveCfg = Release|Any CPU
		{DBB4B8C5-3556-42EB-A362-DE7453D74201}.Release|Any CPU.Build.0 = Release|Any CPU
		{DBB4B8C5-3556-42EB-A362-DE7453D74201}.Release|x86.ActiveCfg = Release|Any CPU
		{DBB4B8C5-3556-42EB-A362-DE7453D74201}.Release|x86.Build.0 = Release|Any CPU
		{6C7F3FC5-70EC-485B-89D9-B35C466A9282}.Debug|Any CPU.ActiveCfg = Debug|Any CPU
		{6C7F3FC5-70EC-485B-89D9-B35C466A9282}.Debug|Any CPU.Build.0 = Debug|Any CPU
		{6C7F3FC5-70EC-485B-89D9-B35C466A9282}.Debug|x86.ActiveCfg = Debug|Any CPU
		{6C7F3FC5-70EC-485B-89D9-B35C466A9282}.Debug|x86.Build.0 = Debug|Any CPU
		{6C7F3FC5-70EC-485B-89D9-B35C466A9282}.Release|Any CPU.ActiveCfg = Release|Any CPU
		{6C7F3FC5-70EC-485B-89D9-B35C466A9282}.Release|Any CPU.Build.0 = Release|Any CPU
		{6C7F3FC5-70EC-485B-89D9-B35C466A9282}.Release|x86.ActiveCfg = Release|Any CPU
		{6C7F3FC5-70EC-485B-89D9-B35C466A9282}.Release|x86.Build.0 = Release|Any CPU
		{D2A95C50-A481-4AB1-8D9C-78DCAD048341}.Debug|Any CPU.ActiveCfg = Debug|Any CPU
		{D2A95C50-A481-4AB1-8D9C-78DCAD048341}.Debug|Any CPU.Build.0 = Debug|Any CPU
		{D2A95C50-A481-4AB1-8D9C-78DCAD048341}.Debug|x86.ActiveCfg = Debug|Any CPU
		{D2A95C50-A481-4AB1-8D9C-78DCAD048341}.Debug|x86.Build.0 = Debug|Any CPU
		{D2A95C50-A481-4AB1-8D9C-78DCAD048341}.Release|Any CPU.ActiveCfg = Release|Any CPU
		{D2A95C50-A481-4AB1-8D9C-78DCAD048341}.Release|Any CPU.Build.0 = Release|Any CPU
		{D2A95C50-A481-4AB1-8D9C-78DCAD048341}.Release|x86.ActiveCfg = Release|Any CPU
		{D2A95C50-A481-4AB1-8D9C-78DCAD048341}.Release|x86.Build.0 = Release|Any CPU
		{E734D5A8-5082-4112-B361-A785FCE412B0}.Debug|Any CPU.ActiveCfg = Debug|Any CPU
		{E734D5A8-5082-4112-B361-A785FCE412B0}.Debug|Any CPU.Build.0 = Debug|Any CPU
		{E734D5A8-5082-4112-B361-A785FCE412B0}.Debug|x86.ActiveCfg = Debug|Any CPU
		{E734D5A8-5082-4112-B361-A785FCE412B0}.Debug|x86.Build.0 = Debug|Any CPU
		{E734D5A8-5082-4112-B361-A785FCE412B0}.Release|Any CPU.ActiveCfg = Release|Any CPU
		{E734D5A8-5082-4112-B361-A785FCE412B0}.Release|Any CPU.Build.0 = Release|Any CPU
		{E734D5A8-5082-4112-B361-A785FCE412B0}.Release|x86.ActiveCfg = Release|Any CPU
		{E734D5A8-5082-4112-B361-A785FCE412B0}.Release|x86.Build.0 = Release|Any CPU
		{93E5B65B-7AC0-4735-9CDD-8C86595835C1}.Debug|Any CPU.ActiveCfg = Debug|Any CPU
		{93E5B65B-7AC0-4735-9CDD-8C86595835C1}.Debug|Any CPU.Build.0 = Debug|Any CPU
		{93E5B65B-7AC0-4735-9CDD-8C86595835C1}.Debug|x86.ActiveCfg = Debug|Any CPU
		{93E5B65B-7AC0-4735-9CDD-8C86595835C1}.Debug|x86.Build.0 = Debug|Any CPU
		{93E5B65B-7AC0-4735-9CDD-8C86595835C1}.Release|Any CPU.ActiveCfg = Release|Any CPU
		{93E5B65B-7AC0-4735-9CDD-8C86595835C1}.Release|Any CPU.Build.0 = Release|Any CPU
		{93E5B65B-7AC0-4735-9CDD-8C86595835C1}.Release|x86.ActiveCfg = Release|Any CPU
		{93E5B65B-7AC0-4735-9CDD-8C86595835C1}.Release|x86.Build.0 = Release|Any CPU
		{1AEEECD7-7D3E-4E63-B46E-E1CEC24C8F68}.Debug|Any CPU.ActiveCfg = Debug|Any CPU
		{1AEEECD7-7D3E-4E63-B46E-E1CEC24C8F68}.Debug|Any CPU.Build.0 = Debug|Any CPU
		{1AEEECD7-7D3E-4E63-B46E-E1CEC24C8F68}.Debug|x86.ActiveCfg = Debug|Any CPU
		{1AEEECD7-7D3E-4E63-B46E-E1CEC24C8F68}.Debug|x86.Build.0 = Debug|Any CPU
		{1AEEECD7-7D3E-4E63-B46E-E1CEC24C8F68}.Release|Any CPU.ActiveCfg = Release|Any CPU
		{1AEEECD7-7D3E-4E63-B46E-E1CEC24C8F68}.Release|Any CPU.Build.0 = Release|Any CPU
		{1AEEECD7-7D3E-4E63-B46E-E1CEC24C8F68}.Release|x86.ActiveCfg = Release|Any CPU
		{1AEEECD7-7D3E-4E63-B46E-E1CEC24C8F68}.Release|x86.Build.0 = Release|Any CPU
		{6273B0BB-77F8-4DE1-AFCD-40F122645D16}.Debug|Any CPU.ActiveCfg = Debug|Any CPU
		{6273B0BB-77F8-4DE1-AFCD-40F122645D16}.Debug|Any CPU.Build.0 = Debug|Any CPU
		{6273B0BB-77F8-4DE1-AFCD-40F122645D16}.Debug|x86.ActiveCfg = Debug|Any CPU
		{6273B0BB-77F8-4DE1-AFCD-40F122645D16}.Debug|x86.Build.0 = Debug|Any CPU
		{6273B0BB-77F8-4DE1-AFCD-40F122645D16}.Release|Any CPU.ActiveCfg = Release|Any CPU
		{6273B0BB-77F8-4DE1-AFCD-40F122645D16}.Release|Any CPU.Build.0 = Release|Any CPU
		{6273B0BB-77F8-4DE1-AFCD-40F122645D16}.Release|x86.ActiveCfg = Release|Any CPU
		{6273B0BB-77F8-4DE1-AFCD-40F122645D16}.Release|x86.Build.0 = Release|Any CPU
	EndGlobalSection
	GlobalSection(SolutionProperties) = preSolution
		HideSolutionNode = FALSE
	EndGlobalSection
	GlobalSection(NestedProjects) = preSolution
		{D0FF2A2D-8123-44AA-8224-AA33C3FBCE33} = {4FBF2BA1-C07F-4069-8124-6DF444E191F4}
		{DBB4B8C5-3556-42EB-A362-DE7453D74201} = {4FBF2BA1-C07F-4069-8124-6DF444E191F4}
		{6C7F3FC5-70EC-485B-89D9-B35C466A9282} = {4FBF2BA1-C07F-4069-8124-6DF444E191F4}
		{93E5B65B-7AC0-4735-9CDD-8C86595835C1} = {4FBF2BA1-C07F-4069-8124-6DF444E191F4}
		{1AEEECD7-7D3E-4E63-B46E-E1CEC24C8F68} = {4FBF2BA1-C07F-4069-8124-6DF444E191F4}
		{6273B0BB-77F8-4DE1-AFCD-40F122645D16} = {4FBF2BA1-C07F-4069-8124-6DF444E191F4}
	EndGlobalSection
	GlobalSection(ExtensibilityGlobals) = postSolution
		SolutionGuid = {CA47E293-5961-44F0-894E-5AFB4283EE14}
	EndGlobalSection
EndGlobal
